
Microsoft Visual Studio Solution File, Format Version 12.00
# Visual Studio Version 16
VisualStudioVersion = 16.0.31321.278
MinimumVisualStudioVersion = 10.0.40219.1
Project("{FAE04EC0-301F-11D3-BF4B-00C04F79EFBC}") = "makeavifiles.Server", "makeavifiles\Server\makeavifiles.Server.csproj", "{FA162CD8-F0A0-421B-B6C2-27C7B669D8CC}"
EndProject
Project("{FAE04EC0-301F-11D3-BF4B-00C04F79EFBC}") = "makeavifiles.Client", "makeavifiles\Client\makeavifiles.Client.csproj", "{EFBE49DF-947D-4AA7-B3DC-45A3DE3CE113}"
EndProject
Project("{FAE04EC0-301F-11D3-BF4B-00C04F79EFBC}") = "makeavifiles.Shared", "makeavifiles\Shared\makeavifiles.Shared.csproj", "{D3E27074-811B-4B05-92A2-595703B79CA6}"
EndProject
Global
	GlobalSection(SolutionConfigurationPlatforms) = preSolution
		Debug|Any CPU = Debug|Any CPU
		Release|Any CPU = Release|Any CPU
	EndGlobalSection
	GlobalSection(ProjectConfigurationPlatforms) = postSolution
		{FA162CD8-F0A0-421B-B6C2-27C7B669D8CC}.Debug|Any CPU.ActiveCfg = Debug|Any CPU
		{FA162CD8-F0A0-421B-B6C2-27C7B669D8CC}.Debug|Any CPU.Build.0 = Debug|Any CPU
		{FA162CD8-F0A0-421B-B6C2-27C7B669D8CC}.Release|Any CPU.ActiveCfg = Release|Any CPU
		{FA162CD8-F0A0-421B-B6C2-27C7B669D8CC}.Release|Any CPU.Build.0 = Release|Any CPU
		{EFBE49DF-947D-4AA7-B3DC-45A3DE3CE113}.Debug|Any CPU.ActiveCfg = Debug|Any CPU
		{EFBE49DF-947D-4AA7-B3DC-45A3DE3CE113}.Debug|Any CPU.Build.0 = Debug|Any CPU
		{EFBE49DF-947D-4AA7-B3DC-45A3DE3CE113}.Release|Any CPU.ActiveCfg = Release|Any CPU
		{EFBE49DF-947D-4AA7-B3DC-45A3DE3CE113}.Release|Any CPU.Build.0 = Release|Any CPU
		{D3E27074-811B-4B05-92A2-595703B79CA6}.Debug|Any CPU.ActiveCfg = Debug|Any CPU
		{D3E27074-811B-4B05-92A2-595703B79CA6}.Debug|Any CPU.Build.0 = Debug|Any CPU
		{D3E27074-811B-4B05-92A2-595703B79CA6}.Release|Any CPU.ActiveCfg = Release|Any CPU
		{D3E27074-811B-4B05-92A2-595703B79CA6}.Release|Any CPU.Build.0 = Release|Any CPU
	EndGlobalSection
	GlobalSection(SolutionProperties) = preSolution
		HideSolutionNode = FALSE
	EndGlobalSection
	GlobalSection(ExtensibilityGlobals) = postSolution
		SolutionGuid = {3E75540A-4A0A-4BC9-860C-0D0234A98ACB}
	EndGlobalSection
EndGlobal
